// !$*UTF8*$!
{
	archiveVersion = 1;
	classes = {
	};
	objectVersion = 46;
	objects = {

/* Begin PBXBuildFile section */
		44CE044449CB02445A88B70C /* libPods.a in Frameworks */ = {isa = PBXBuildFile; fileRef = DA3B4E0818FC89BF483D0937 /* libPods.a */; };
		D94C97051D802BE500FEEB8F /* NetWorkTask.m in Sources */ = {isa = PBXBuildFile; fileRef = D94C97041D802BE500FEEB8F /* NetWorkTask.m */; };
		D9540DFF1D81020A0022CA9C /* AppListVC.m in Sources */ = {isa = PBXBuildFile; fileRef = D9540DFE1D81020A0022CA9C /* AppListVC.m */; };
		D9540E061D8102440022CA9C /* AppListModel.m in Sources */ = {isa = PBXBuildFile; fileRef = D9540E051D8102440022CA9C /* AppListModel.m */; };
		D9540E0D1D810FB60022CA9C /* AppDetailVC.m in Sources */ = {isa = PBXBuildFile; fileRef = D9540E0C1D810FB60022CA9C /* AppDetailVC.m */; };
		D9540E111D8117380022CA9C /* NSDate+Convert.m in Sources */ = {isa = PBXBuildFile; fileRef = D9540E101D8117380022CA9C /* NSDate+Convert.m */; };
		D9540E141D811B650022CA9C /* AppListCell.m in Sources */ = {isa = PBXBuildFile; fileRef = D9540E131D811B650022CA9C /* AppListCell.m */; };
		D9540E161D811B8A0022CA9C /* AppListCell.xib in Resources */ = {isa = PBXBuildFile; fileRef = D9540E151D811B8A0022CA9C /* AppListCell.xib */; };
		F42EB99F1D78858600766BA1 /* main.m in Sources */ = {isa = PBXBuildFile; fileRef = F42EB99E1D78858600766BA1 /* main.m */; };
		F42EB9A21D78858600766BA1 /* AppDelegate.m in Sources */ = {isa = PBXBuildFile; fileRef = F42EB9A11D78858600766BA1 /* AppDelegate.m */; };
		F42EB9A51D78858600766BA1 /* ViewController.m in Sources */ = {isa = PBXBuildFile; fileRef = F42EB9A41D78858600766BA1 /* ViewController.m */; };
		F42EB9A81D78858600766BA1 /* Main.storyboard in Resources */ = {isa = PBXBuildFile; fileRef = F42EB9A61D78858600766BA1 /* Main.storyboard */; };
		F42EB9AA1D78858600766BA1 /* Assets.xcassets in Resources */ = {isa = PBXBuildFile; fileRef = F42EB9A91D78858600766BA1 /* Assets.xcassets */; };
		F42EB9AD1D78858600766BA1 /* LaunchScreen.storyboard in Resources */ = {isa = PBXBuildFile; fileRef = F42EB9AB1D78858600766BA1 /* LaunchScreen.storyboard */; };
/* End PBXBuildFile section */

/* Begin PBXFileReference section */
		D23059198B2E9172E283F20E /* Pods.debug.xcconfig */ = {isa = PBXFileReference; includeInIndex = 1; lastKnownFileType = text.xcconfig; name = Pods.debug.xcconfig; path = "Pods/Target Support Files/Pods/Pods.debug.xcconfig"; sourceTree = "<group>"; };
		D94C97031D802BE500FEEB8F /* NetWorkTask.h */ = {isa = PBXFileReference; fileEncoding = 4; lastKnownFileType = sourcecode.c.h; path = NetWorkTask.h; sourceTree = "<group>"; };
		D94C97041D802BE500FEEB8F /* NetWorkTask.m */ = {isa = PBXFileReference; fileEncoding = 4; lastKnownFileType = sourcecode.c.objc; path = NetWorkTask.m; sourceTree = "<group>"; };
		D9540DFD1D81020A0022CA9C /* AppListVC.h */ = {isa = PBXFileReference; fileEncoding = 4; lastKnownFileType = sourcecode.c.h; path = AppListVC.h; sourceTree = "<group>"; };
		D9540DFE1D81020A0022CA9C /* AppListVC.m */ = {isa = PBXFileReference; fileEncoding = 4; lastKnownFileType = sourcecode.c.objc; path = AppListVC.m; sourceTree = "<group>"; };
		D9540E041D8102440022CA9C /* AppListModel.h */ = {isa = PBXFileReference; fileEncoding = 4; lastKnownFileType = sourcecode.c.h; path = AppListModel.h; sourceTree = "<group>"; };
		D9540E051D8102440022CA9C /* AppListModel.m */ = {isa = PBXFileReference; fileEncoding = 4; lastKnownFileType = sourcecode.c.objc; path = AppListModel.m; sourceTree = "<group>"; };
		D9540E0B1D810FB60022CA9C /* AppDetailVC.h */ = {isa = PBXFileReference; fileEncoding = 4; lastKnownFileType = sourcecode.c.h; path = AppDetailVC.h; sourceTree = "<group>"; };
		D9540E0C1D810FB60022CA9C /* AppDetailVC.m */ = {isa = PBXFileReference; fileEncoding = 4; lastKnownFileType = sourcecode.c.objc; path = AppDetailVC.m; sourceTree = "<group>"; };
		D9540E0F1D8117380022CA9C /* NSDate+Convert.h */ = {isa = PBXFileReference; fileEncoding = 4; lastKnownFileType = sourcecode.c.h; path = "NSDate+Convert.h"; sourceTree = "<group>"; };
		D9540E101D8117380022CA9C /* NSDate+Convert.m */ = {isa = PBXFileReference; fileEncoding = 4; lastKnownFileType = sourcecode.c.objc; path = "NSDate+Convert.m"; sourceTree = "<group>"; };
		D9540E121D811B650022CA9C /* AppListCell.h */ = {isa = PBXFileReference; fileEncoding = 4; lastKnownFileType = sourcecode.c.h; path = AppListCell.h; sourceTree = "<group>"; };
		D9540E131D811B650022CA9C /* AppListCell.m */ = {isa = PBXFileReference; fileEncoding = 4; lastKnownFileType = sourcecode.c.objc; path = AppListCell.m; sourceTree = "<group>"; };
		D9540E151D811B8A0022CA9C /* AppListCell.xib */ = {isa = PBXFileReference; fileEncoding = 4; lastKnownFileType = file.xib; path = AppListCell.xib; sourceTree = "<group>"; };
		DA3B4E0818FC89BF483D0937 /* libPods.a */ = {isa = PBXFileReference; explicitFileType = archive.ar; includeInIndex = 0; path = libPods.a; sourceTree = BUILT_PRODUCTS_DIR; };
		DF0D3358BB8F2EEBB0439249 /* Pods.release.xcconfig */ = {isa = PBXFileReference; includeInIndex = 1; lastKnownFileType = text.xcconfig; name = Pods.release.xcconfig; path = "Pods/Target Support Files/Pods/Pods.release.xcconfig"; sourceTree = "<group>"; };
		F42EB99A1D78858600766BA1 /* FirTool.app */ = {isa = PBXFileReference; explicitFileType = wrapper.application; includeInIndex = 0; path = FirTool.app; sourceTree = BUILT_PRODUCTS_DIR; };
		F42EB99E1D78858600766BA1 /* main.m */ = {isa = PBXFileReference; lastKnownFileType = sourcecode.c.objc; path = main.m; sourceTree = "<group>"; };
		F42EB9A01D78858600766BA1 /* AppDelegate.h */ = {isa = PBXFileReference; lastKnownFileType = sourcecode.c.h; path = AppDelegate.h; sourceTree = "<group>"; };
		F42EB9A11D78858600766BA1 /* AppDelegate.m */ = {isa = PBXFileReference; lastKnownFileType = sourcecode.c.objc; path = AppDelegate.m; sourceTree = "<group>"; };
		F42EB9A31D78858600766BA1 /* ViewController.h */ = {isa = PBXFileReference; lastKnownFileType = sourcecode.c.h; path = ViewController.h; sourceTree = "<group>"; };
		F42EB9A41D78858600766BA1 /* ViewController.m */ = {isa = PBXFileReference; lastKnownFileType = sourcecode.c.objc; path = ViewController.m; sourceTree = "<group>"; };
		F42EB9A71D78858600766BA1 /* Base */ = {isa = PBXFileReference; lastKnownFileType = file.storyboard; name = Base; path = Base.lproj/Main.storyboard; sourceTree = "<group>"; };
		F42EB9A91D78858600766BA1 /* Assets.xcassets */ = {isa = PBXFileReference; lastKnownFileType = folder.assetcatalog; path = Assets.xcassets; sourceTree = "<group>"; };
		F42EB9AC1D78858600766BA1 /* Base */ = {isa = PBXFileReference; lastKnownFileType = file.storyboard; name = Base; path = Base.lproj/LaunchScreen.storyboard; sourceTree = "<group>"; };
		F42EB9AE1D78858600766BA1 /* Info.plist */ = {isa = PBXFileReference; lastKnownFileType = text.plist.xml; path = Info.plist; sourceTree = "<group>"; };
/* End PBXFileReference section */

/* Begin PBXFrameworksBuildPhase section */
		F42EB9971D78858600766BA1 /* Frameworks */ = {
			isa = PBXFrameworksBuildPhase;
			buildActionMask = 2147483647;
			files = (
				44CE044449CB02445A88B70C /* libPods.a in Frameworks */,
			);
			runOnlyForDeploymentPostprocessing = 0;
		};
/* End PBXFrameworksBuildPhase section */

/* Begin PBXGroup section */
		D94C97021D802BD200FEEB8F /* NetWorkTask */ = {
			isa = PBXGroup;
			children = (
				D94C97031D802BE500FEEB8F /* NetWorkTask.h */,
				D94C97041D802BE500FEEB8F /* NetWorkTask.m */,
			);
			path = NetWorkTask;
			sourceTree = "<group>";
		};
		D9540DFC1D8101A20022CA9C /* AppListVC */ = {
			isa = PBXGroup;
			children = (
				D9540DFD1D81020A0022CA9C /* AppListVC.h */,
				D9540DFE1D81020A0022CA9C /* AppListVC.m */,
				D9540E031D8102300022CA9C /* Model */,
				D9540E001D81021B0022CA9C /* View */,
			);
			name = AppListVC;
			sourceTree = "<group>";
		};
		D9540E001D81021B0022CA9C /* View */ = {
			isa = PBXGroup;
			children = (
				D9540E121D811B650022CA9C /* AppListCell.h */,
				D9540E131D811B650022CA9C /* AppListCell.m */,
				D9540E151D811B8A0022CA9C /* AppListCell.xib */,
			);
			name = View;
			sourceTree = "<group>";
		};
		D9540E031D8102300022CA9C /* Model */ = {
			isa = PBXGroup;
			children = (
				D9540E041D8102440022CA9C /* AppListModel.h */,
				D9540E051D8102440022CA9C /* AppListModel.m */,
			);
			name = Model;
			sourceTree = "<group>";
		};
		D9540E0A1D810F980022CA9C /* AppDetail */ = {
			isa = PBXGroup;
			children = (
				D9540E0B1D810FB60022CA9C /* AppDetailVC.h */,
				D9540E0C1D810FB60022CA9C /* AppDetailVC.m */,
			);
			name = AppDetail;
			sourceTree = "<group>";
		};
		D9540E0E1D8116BC0022CA9C /* Tool */ = {
			isa = PBXGroup;
			children = (
				D9540E0F1D8117380022CA9C /* NSDate+Convert.h */,
				D9540E101D8117380022CA9C /* NSDate+Convert.m */,
			);
			path = Tool;
			sourceTree = "<group>";
		};
		DA5472229E4A37BDB8C48FB3 /* Frameworks */ = {
			isa = PBXGroup;
			children = (
				DA3B4E0818FC89BF483D0937 /* libPods.a */,
			);
			name = Frameworks;
			sourceTree = "<group>";
		};
		E4F439435C3335A6257E4F23 /* Pods */ = {
			isa = PBXGroup;
			children = (
				D23059198B2E9172E283F20E /* Pods.debug.xcconfig */,
				DF0D3358BB8F2EEBB0439249 /* Pods.release.xcconfig */,
			);
			name = Pods;
			sourceTree = "<group>";
		};
		F42EB9911D78858600766BA1 = {
			isa = PBXGroup;
			children = (
				F42EB99C1D78858600766BA1 /* FirTool */,
				F42EB99B1D78858600766BA1 /* Products */,
				E4F439435C3335A6257E4F23 /* Pods */,
				DA5472229E4A37BDB8C48FB3 /* Frameworks */,
			);
			sourceTree = "<group>";
		};
		F42EB99B1D78858600766BA1 /* Products */ = {
			isa = PBXGroup;
			children = (
				F42EB99A1D78858600766BA1 /* FirTool.app */,
			);
			name = Products;
			sourceTree = "<group>";
		};
		F42EB99C1D78858600766BA1 /* FirTool */ = {
			isa = PBXGroup;
			children = (
				F42EB9A01D78858600766BA1 /* AppDelegate.h */,
				F42EB9A11D78858600766BA1 /* AppDelegate.m */,
				F42EB9A31D78858600766BA1 /* ViewController.h */,
				F42EB9A41D78858600766BA1 /* ViewController.m */,
				D9540E0A1D810F980022CA9C /* AppDetail */,
				D9540DFC1D8101A20022CA9C /* AppListVC */,
				F42EB9A61D78858600766BA1 /* Main.storyboard */,
				F42EB9A91D78858600766BA1 /* Assets.xcassets */,
				F42EB9AB1D78858600766BA1 /* LaunchScreen.storyboard */,
				F42EB9AE1D78858600766BA1 /* Info.plist */,
				D9540E0E1D8116BC0022CA9C /* Tool */,
				D94C97021D802BD200FEEB8F /* NetWorkTask */,
				F42EB99D1D78858600766BA1 /* Supporting Files */,
			);
			path = FirTool;
			sourceTree = "<group>";
		};
		F42EB99D1D78858600766BA1 /* Supporting Files */ = {
			isa = PBXGroup;
			children = (
				F42EB99E1D78858600766BA1 /* main.m */,
			);
			name = "Supporting Files";
			sourceTree = "<group>";
		};
/* End PBXGroup section */

/* Begin PBXNativeTarget section */
		F42EB9991D78858600766BA1 /* FirTool */ = {
			isa = PBXNativeTarget;
			buildConfigurationList = F42EB9B11D78858600766BA1 /* Build configuration list for PBXNativeTarget "FirTool" */;
			buildPhases = (
				55E768718606523D020226EA /* Check Pods Manifest.lock */,
				F42EB9961D78858600766BA1 /* Sources */,
				F42EB9971D78858600766BA1 /* Frameworks */,
				F42EB9981D78858600766BA1 /* Resources */,
				54099C461E6288E39E4D1D08 /* Embed Pods Frameworks */,
				91DABE87BC6E9A99DFF7E7B8 /* Copy Pods Resources */,
			);
			buildRules = (
			);
			dependencies = (
			);
			name = FirTool;
			productName = FirTool;
			productReference = F42EB99A1D78858600766BA1 /* FirTool.app */;
			productType = "com.apple.product-type.application";
		};
/* End PBXNativeTarget section */

/* Begin PBXProject section */
		F42EB9921D78858600766BA1 /* Project object */ = {
			isa = PBXProject;
			attributes = {
				LastUpgradeCheck = 0720;
				ORGANIZATIONNAME = __Nature__;
				TargetAttributes = {
					F42EB9991D78858600766BA1 = {
						CreatedOnToolsVersion = 7.2;
						DevelopmentTeam = CUS5A53T99;
					};
				};
			};
			buildConfigurationList = F42EB9951D78858600766BA1 /* Build configuration list for PBXProject "FirTool" */;
			compatibilityVersion = "Xcode 3.2";
			developmentRegion = English;
			hasScannedForEncodings = 0;
			knownRegions = (
				en,
				Base,
			);
			mainGroup = F42EB9911D78858600766BA1;
			productRefGroup = F42EB99B1D78858600766BA1 /* Products */;
			projectDirPath = "";
			projectRoot = "";
			targets = (
				F42EB9991D78858600766BA1 /* FirTool */,
			);
		};
/* End PBXProject section */

/* Begin PBXResourcesBuildPhase section */
		F42EB9981D78858600766BA1 /* Resources */ = {
			isa = PBXResourcesBuildPhase;
			buildActionMask = 2147483647;
			files = (
				F42EB9AD1D78858600766BA1 /* LaunchScreen.storyboard in Resources */,
				D9540E161D811B8A0022CA9C /* AppListCell.xib in Resources */,
				F42EB9AA1D78858600766BA1 /* Assets.xcassets in Resources */,
				F42EB9A81D78858600766BA1 /* Main.storyboard in Resources */,
			);
			runOnlyForDeploymentPostprocessing = 0;
		};
/* End PBXResourcesBuildPhase section */

/* Begin PBXShellScriptBuildPhase section */
		54099C461E6288E39E4D1D08 /* Embed Pods Frameworks */ = {
			isa = PBXShellScriptBuildPhase;
			buildActionMask = 2147483647;
			files = (
			);
			inputPaths = (
			);
			name = "Embed Pods Frameworks";
			outputPaths = (
			);
			runOnlyForDeploymentPostprocessing = 0;
			shellPath = /bin/sh;
			shellScript = "\"${SRCROOT}/Pods/Target Support Files/Pods/Pods-frameworks.sh\"\n";
			showEnvVarsInLog = 0;
		};
		55E768718606523D020226EA /* Check Pods Manifest.lock */ = {
			isa = PBXShellScriptBuildPhase;
			buildActionMask = 2147483647;
			files = (
			);
			inputPaths = (
			);
			name = "Check Pods Manifest.lock";
			outputPaths = (
			);
			runOnlyForDeploymentPostprocessing = 0;
			shellPath = /bin/sh;
			shellScript = "diff \"${PODS_ROOT}/../Podfile.lock\" \"${PODS_ROOT}/Manifest.lock\" > /dev/null\nif [[ $? != 0 ]] ; then\n    cat << EOM\nerror: The sandbox is not in sync with the Podfile.lock. Run 'pod install' or update your CocoaPods installation.\nEOM\n    exit 1\nfi\n";
			showEnvVarsInLog = 0;
		};
		91DABE87BC6E9A99DFF7E7B8 /* Copy Pods Resources */ = {
			isa = PBXShellScriptBuildPhase;
			buildActionMask = 2147483647;
			files = (
			);
			inputPaths = (
			);
			name = "Copy Pods Resources";
			outputPaths = (
			);
			runOnlyForDeploymentPostprocessing = 0;
			shellPath = /bin/sh;
			shellScript = "\"${SRCROOT}/Pods/Target Support Files/Pods/Pods-resources.sh\"\n";
			showEnvVarsInLog = 0;
		};
/* End PBXShellScriptBuildPhase section */

/* Begin PBXSourcesBuildPhase section */
		F42EB9961D78858600766BA1 /* Sources */ = {
			isa = PBXSourcesBuildPhase;
			buildActionMask = 2147483647;
			files = (
				F42EB9A51D78858600766BA1 /* ViewController.m in Sources */,
				D9540E141D811B650022CA9C /* AppListCell.m in Sources */,
				D9540E111D8117380022CA9C /* NSDate+Convert.m in Sources */,
				D94C97051D802BE500FEEB8F /* NetWorkTask.m in Sources */,
				F42EB9A21D78858600766BA1 /* AppDelegate.m in Sources */,
				D9540E061D8102440022CA9C /* AppListModel.m in Sources */,
				D9540E0D1D810FB60022CA9C /* AppDetailVC.m in Sources */,
				D9540DFF1D81020A0022CA9C /* AppListVC.m in Sources */,
				F42EB99F1D78858600766BA1 /* main.m in Sources */,
			);
			runOnlyForDeploymentPostprocessing = 0;
		};
/* End PBXSourcesBuildPhase section */

/* Begin PBXVariantGroup section */
		F42EB9A61D78858600766BA1 /* Main.storyboard */ = {
			isa = PBXVariantGroup;
			children = (
				F42EB9A71D78858600766BA1 /* Base */,
			);
			name = Main.storyboard;
			sourceTree = "<group>";
		};
		F42EB9AB1D78858600766BA1 /* LaunchScreen.storyboard */ = {
			isa = PBXVariantGroup;
			children = (
				F42EB9AC1D78858600766BA1 /* Base */,
			);
			name = LaunchScreen.storyboard;
			sourceTree = "<group>";
		};
/* End PBXVariantGroup section */

/* Begin XCBuildConfiguration section */
		F42EB9AF1D78858600766BA1 /* Debug */ = {
			isa = XCBuildConfiguration;
			buildSettings = {
				ALWAYS_SEARCH_USER_PATHS = NO;
				CLANG_CXX_LANGUAGE_STANDARD = "gnu++0x";
				CLANG_CXX_LIBRARY = "libc++";
				CLANG_ENABLE_MODULES = YES;
				CLANG_ENABLE_OBJC_ARC = YES;
				CLANG_WARN_BOOL_CONVERSION = YES;
				CLANG_WARN_CONSTANT_CONVERSION = YES;
				CLANG_WARN_DIRECT_OBJC_ISA_USAGE = YES_ERROR;
				CLANG_WARN_EMPTY_BODY = YES;
				CLANG_WARN_ENUM_CONVERSION = YES;
				CLANG_WARN_INT_CONVERSION = YES;
				CLANG_WARN_OBJC_ROOT_CLASS = YES_ERROR;
				CLANG_WARN_UNREACHABLE_CODE = YES;
				CLANG_WARN__DUPLICATE_METHOD_MATCH = YES;
				CODE_SIGN_IDENTITY = "iPhone Distribution: Talkweb Information System Co., Ltd";
				"CODE_SIGN_IDENTITY[sdk=iphoneos*]" = "iPhone Distribution: Talkweb Information System Co., Ltd";
				COPY_PHASE_STRIP = NO;
				DEBUG_INFORMATION_FORMAT = dwarf;
				ENABLE_STRICT_OBJC_MSGSEND = YES;
				ENABLE_TESTABILITY = YES;
				GCC_C_LANGUAGE_STANDARD = gnu99;
				GCC_DYNAMIC_NO_PIC = NO;
				GCC_NO_COMMON_BLOCKS = YES;
				GCC_OPTIMIZATION_LEVEL = 0;
				GCC_PREPROCESSOR_DEFINITIONS = (
					"DEBUG=1",
					"$(inherited)",
				);
				GCC_WARN_64_TO_32_BIT_CONVERSION = YES;
				GCC_WARN_ABOUT_RETURN_TYPE = YES_ERROR;
				GCC_WARN_UNDECLARED_SELECTOR = YES;
				GCC_WARN_UNINITIALIZED_AUTOS = YES_AGGRESSIVE;
				GCC_WARN_UNUSED_FUNCTION = YES;
				GCC_WARN_UNUSED_VARIABLE = YES;
				IPHONEOS_DEPLOYMENT_TARGET = 9.2;
				MTL_ENABLE_DEBUG_INFO = YES;
				ONLY_ACTIVE_ARCH = YES;
				PROVISIONING_PROFILE = "f872722a-a038-452f-8e7d-0b36236e8bd8";
				SDKROOT = iphoneos;
			};
			name = Debug;
		};
		F42EB9B01D78858600766BA1 /* Release */ = {
			isa = XCBuildConfiguration;
			buildSettings = {
				ALWAYS_SEARCH_USER_PATHS = NO;
				CLANG_CXX_LANGUAGE_STANDARD = "gnu++0x";
				CLANG_CXX_LIBRARY = "libc++";
				CLANG_ENABLE_MODULES = YES;
				CLANG_ENABLE_OBJC_ARC = YES;
				CLANG_WARN_BOOL_CONVERSION = YES;
				CLANG_WARN_CONSTANT_CONVERSION = YES;
				CLANG_WARN_DIRECT_OBJC_ISA_USAGE = YES_ERROR;
				CLANG_WARN_EMPTY_BODY = YES;
				CLANG_WARN_ENUM_CONVERSION = YES;
				CLANG_WARN_INT_CONVERSION = YES;
				CLANG_WARN_OBJC_ROOT_CLASS = YES_ERROR;
				CLANG_WARN_UNREACHABLE_CODE = YES;
				CLANG_WARN__DUPLICATE_METHOD_MATCH = YES;
				CODE_SIGN_IDENTITY = "iPhone Distribution: Talkweb Information System Co., Ltd";
				"CODE_SIGN_IDENTITY[sdk=iphoneos*]" = "iPhone Distribution: Talkweb Information System Co., Ltd";
				COPY_PHASE_STRIP = NO;
				DEBUG_INFORMATION_FORMAT = "dwarf-with-dsym";
				ENABLE_NS_ASSERTIONS = NO;
				ENABLE_STRICT_OBJC_MSGSEND = YES;
				GCC_C_LANGUAGE_STANDARD = gnu99;
				GCC_NO_COMMON_BLOCKS = YES;
				GCC_WARN_64_TO_32_BIT_CONVERSION = YES;
				GCC_WARN_ABOUT_RETURN_TYPE = YES_ERROR;
				GCC_WARN_UNDECLARED_SELECTOR = YES;
				GCC_WARN_UNINITIALIZED_AUTOS = YES_AGGRESSIVE;
				GCC_WARN_UNUSED_FUNCTION = YES;
				GCC_WARN_UNUSED_VARIABLE = YES;
				IPHONEOS_DEPLOYMENT_TARGET = 9.2;
				MTL_ENABLE_DEBUG_INFO = NO;
				PROVISIONING_PROFILE = "f872722a-a038-452f-8e7d-0b36236e8bd8";
				SDKROOT = iphoneos;
				VALIDATE_PRODUCT = YES;
			};
			name = Release;
		};
		F42EB9B21D78858600766BA1 /* Debug */ = {
			isa = XCBuildConfiguration;
			baseConfigurationReference = D23059198B2E9172E283F20E /* Pods.debug.xcconfig */;
			buildSettings = {
				ASSETCATALOG_COMPILER_APPICON_NAME = AppIcon;
				CODE_SIGN_IDENTITY = "iPhone Developer";
				INFOPLIST_FILE = FirTool/Info.plist;
				IPHONEOS_DEPLOYMENT_TARGET = 7.0;
				LD_RUNPATH_SEARCH_PATHS = "$(inherited) @executable_path/Frameworks";
				PRODUCT_BUNDLE_IDENTIFIER = com.talkweb.FirTool;
				PRODUCT_NAME = "$(TARGET_NAME)";
				PROVISIONING_PROFILE = "f872722a-a038-452f-8e7d-0b36236e8bd8";
			};
			name = Debug;
		};
		F42EB9B31D78858600766BA1 /* Release */ = {
			isa = XCBuildConfiguration;
			baseConfigurationReference = DF0D3358BB8F2EEBB0439249 /* Pods.release.xcconfig */;
			buildSettings = {
				ASSETCATALOG_COMPILER_APPICON_NAME = AppIcon;
				CODE_SIGN_IDENTITY = "iPhone Developer";
				INFOPLIST_FILE = FirTool/Info.plist;
				IPHONEOS_DEPLOYMENT_TARGET = 7.0;
				LD_RUNPATH_SEARCH_PATHS = "$(inherited) @executable_path/Frameworks";
				PRODUCT_BUNDLE_IDENTIFIER = com.talkweb.FirTool;
				PRODUCT_NAME = "$(TARGET_NAME)";
				PROVISIONING_PROFILE = "f872722a-a038-452f-8e7d-0b36236e8bd8";
			};
			name = Release;
		};
/* End XCBuildConfiguration section */

/* Begin XCConfigurationList section */
		F42EB9951D78858600766BA1 /* Build configuration list for PBXProject "FirTool" */ = {
			isa = XCConfigurationList;
			buildConfigurations = (
				F42EB9AF1D78858600766BA1 /* Debug */,
				F42EB9B01D78858600766BA1 /* Release */,
			);
			defaultConfigurationIsVisible = 0;
			defaultConfigurationName = Release;
		};
		F42EB9B11D78858600766BA1 /* Build configuration list for PBXNativeTarget "FirTool" */ = {
			isa = XCConfigurationList;
			buildConfigurations = (
				F42EB9B21D78858600766BA1 /* Debug */,
				F42EB9B31D78858600766BA1 /* Release */,
			);
			defaultConfigurationIsVisible = 0;
			defaultConfigurationName = Release;
		};
/* End XCConfigurationList section */
	};
	rootObject = F42EB9921D78858600766BA1 /* Project object */;
}
